
Microsoft Visual Studio Solution File, Format Version 12.00
# Visual Studio Version 17
VisualStudioVersion = 17.0.31903.59
MinimumVisualStudioVersion = 10.0.40219.1
Project("{2150E333-8FDC-42A3-9474-1A3956D46DE8}") = "qwitter-users", "qwitter-users", "{44D40673-6696-42BC-920A-762004268912}"
EndProject
Project("{FAE04EC0-301F-11D3-BF4B-00C04F79EFBC}") = "Qwitter.Users", "qwitter-users\Qwitter.Users\Qwitter.Users.csproj", "{0EC76B1A-2875-4304-974C-C9F49C827666}"
EndProject
Project("{FAE04EC0-301F-11D3-BF4B-00C04F79EFBC}") = "Qwitter.Users.Contract", "qwitter-users\Qwitter.Users.Contract\Qwitter.Users.Contract.csproj", "{3DAF1279-3F9B-45E5-B36F-F9BC32641C1E}"
EndProject
Project("{2150E333-8FDC-42A3-9474-1A3956D46DE8}") = "qwitter-core", "qwitter-core", "{3566C679-5A45-4212-919E-F72D00C44BE2}"
EndProject
Project("{FAE04EC0-301F-11D3-BF4B-00C04F79EFBC}") = "Qwitter.Core.Application", "qwitter-core\Qwitter.Core.Application\Qwitter.Core.Application.csproj", "{47E81483-63D5-4FAB-AC7B-52092CEA80AB}"
EndProject
Project("{2150E333-8FDC-42A3-9474-1A3956D46DE8}") = "qwitter-payments", "qwitter-payments", "{C729DD61-150E-4B5A-99C0-CAB6213B496C}"
EndProject
Project("{FAE04EC0-301F-11D3-BF4B-00C04F79EFBC}") = "Qwitter.Payments", "qwitter-payments\Qwitter.Payments\Qwitter.Payments.csproj", "{B8A8CDBB-7A60-4F22-90FC-6B0AE00DDAF4}"
EndProject
Project("{FAE04EC0-301F-11D3-BF4B-00C04F79EFBC}") = "Qwitter.Payments.Contract", "qwitter-payments\Qwitter.Payments.Contract\Qwitter.Payments.Contract.csproj", "{A355BF37-7A90-4B9A-920B-8B843916946C}"
EndProject
Project("{2150E333-8FDC-42A3-9474-1A3956D46DE8}") = "qwitter-content", "qwitter-content", "{19070378-3ADE-4DD3-B2CB-A41D07E8BA82}"
EndProject
Project("{FAE04EC0-301F-11D3-BF4B-00C04F79EFBC}") = "Qwitter.Content", "qwitter-content\Qwitter.Content\Qwitter.Content.csproj", "{B5EA40FB-664D-485F-AFF8-29D991BFEA57}"
EndProject
Project("{FAE04EC0-301F-11D3-BF4B-00C04F79EFBC}") = "Qwitter.Content.Contract", "qwitter-content\Qwitter.Content.Contract\Qwitter.Content.Contract.csproj", "{B7789DC8-EB62-4ED1-A08E-10AED7CC4DE7}"
EndProject
Project("{2150E333-8FDC-42A3-9474-1A3956D46DE8}") = "qwitter-ledger", "qwitter-ledger", "{69A3AC09-B83E-4A25-BDE9-2EEC2C7B75C1}"
EndProject
Project("{FAE04EC0-301F-11D3-BF4B-00C04F79EFBC}") = "Qwitter.Ledger", "qwitter-ledger\Qwitter.Ledger\Qwitter.Ledger.csproj", "{399E845B-D09E-436F-AAF5-FD806F22D428}"
EndProject
Project("{FAE04EC0-301F-11D3-BF4B-00C04F79EFBC}") = "Qwitter.Ledger.Contract", "qwitter-ledger\Qwitter.Ledger.Contract\Qwitter.Ledger.Contract.csproj", "{2C8BAF20-6191-482D-98C3-F36C29DCE76F}"
EndProject
Project("{2150E333-8FDC-42A3-9474-1A3956D46DE8}") = "qwitter-crypto", "qwitter-crypto", "{633673B8-3082-4B32-9682-46606A9D5F67}"
EndProject
Project("{FAE04EC0-301F-11D3-BF4B-00C04F79EFBC}") = "Qwitter.Crypto", "qwitter-crypto\Qwitter.Crypto\Qwitter.Crypto.csproj", "{9AAD459F-9622-499A-982F-7AE3E38717AC}"
EndProject
Project("{FAE04EC0-301F-11D3-BF4B-00C04F79EFBC}") = "Qwitter.Crypto.Contract", "qwitter-crypto\Qwitter.Crypto.Contract\Qwitter.Crypto.Contract.csproj", "{4C87B063-7A3C-4127-BD53-32EF8378CC88}"
EndProject
Project("{FAE04EC0-301F-11D3-BF4B-00C04F79EFBC}") = "Qwitter.Crypto.Currency.Contract", "qwitter-crypto\Qwitter.Crypto.Currency.Contract\Qwitter.Crypto.Currency.Contract.csproj", "{2D730531-3083-41F4-A71B-3D129360F474}"
EndProject
Project("{FAE04EC0-301F-11D3-BF4B-00C04F79EFBC}") = "Qwitter.Crypto.Currency.Ethereum", "qwitter-crypto\Qwitter.Crypto.Currency.Ethereum\Qwitter.Crypto.Currency.Ethereum.csproj", "{44584574-6C37-49DB-B0DA-F9E123504039}"
EndProject
Project("{FAE04EC0-301F-11D3-BF4B-00C04F79EFBC}") = "Qwitter.Crypto.Currency.Algorand", "qwitter-crypto\Qwitter.Crypto.Currency.Algorand\Qwitter.Crypto.Currency.Algorand.csproj", "{18F671F8-7893-4BFD-9E76-7DCAE79D8385}"
EndProject
Global
	GlobalSection(SolutionConfigurationPlatforms) = preSolution
		Debug|Any CPU = Debug|Any CPU
		Release|Any CPU = Release|Any CPU
	EndGlobalSection
	GlobalSection(SolutionProperties) = preSolution
		HideSolutionNode = FALSE
	EndGlobalSection
	GlobalSection(ProjectConfigurationPlatforms) = postSolution
		{3B8FF456-C588-4E36-BA6C-605DCB915961}.Debug|Any CPU.ActiveCfg = Debug|Any CPU
		{3B8FF456-C588-4E36-BA6C-605DCB915961}.Debug|Any CPU.Build.0 = Debug|Any CPU
		{3B8FF456-C588-4E36-BA6C-605DCB915961}.Release|Any CPU.ActiveCfg = Release|Any CPU
		{3B8FF456-C588-4E36-BA6C-605DCB915961}.Release|Any CPU.Build.0 = Release|Any CPU
		{0EC76B1A-2875-4304-974C-C9F49C827666}.Debug|Any CPU.ActiveCfg = Debug|Any CPU
		{0EC76B1A-2875-4304-974C-C9F49C827666}.Debug|Any CPU.Build.0 = Debug|Any CPU
		{0EC76B1A-2875-4304-974C-C9F49C827666}.Release|Any CPU.ActiveCfg = Release|Any CPU
		{0EC76B1A-2875-4304-974C-C9F49C827666}.Release|Any CPU.Build.0 = Release|Any CPU
		{3DAF1279-3F9B-45E5-B36F-F9BC32641C1E}.Debug|Any CPU.ActiveCfg = Debug|Any CPU
		{3DAF1279-3F9B-45E5-B36F-F9BC32641C1E}.Debug|Any CPU.Build.0 = Debug|Any CPU
		{3DAF1279-3F9B-45E5-B36F-F9BC32641C1E}.Release|Any CPU.ActiveCfg = Release|Any CPU
		{3DAF1279-3F9B-45E5-B36F-F9BC32641C1E}.Release|Any CPU.Build.0 = Release|Any CPU
		{47E81483-63D5-4FAB-AC7B-52092CEA80AB}.Debug|Any CPU.ActiveCfg = Debug|Any CPU
		{47E81483-63D5-4FAB-AC7B-52092CEA80AB}.Debug|Any CPU.Build.0 = Debug|Any CPU
		{47E81483-63D5-4FAB-AC7B-52092CEA80AB}.Release|Any CPU.ActiveCfg = Release|Any CPU
		{47E81483-63D5-4FAB-AC7B-52092CEA80AB}.Release|Any CPU.Build.0 = Release|Any CPU
		{B8A8CDBB-7A60-4F22-90FC-6B0AE00DDAF4}.Debug|Any CPU.ActiveCfg = Debug|Any CPU
		{B8A8CDBB-7A60-4F22-90FC-6B0AE00DDAF4}.Debug|Any CPU.Build.0 = Debug|Any CPU
		{B8A8CDBB-7A60-4F22-90FC-6B0AE00DDAF4}.Release|Any CPU.ActiveCfg = Release|Any CPU
		{B8A8CDBB-7A60-4F22-90FC-6B0AE00DDAF4}.Release|Any CPU.Build.0 = Release|Any CPU
		{A355BF37-7A90-4B9A-920B-8B843916946C}.Debug|Any CPU.ActiveCfg = Debug|Any CPU
		{A355BF37-7A90-4B9A-920B-8B843916946C}.Debug|Any CPU.Build.0 = Debug|Any CPU
		{A355BF37-7A90-4B9A-920B-8B843916946C}.Release|Any CPU.ActiveCfg = Release|Any CPU
		{A355BF37-7A90-4B9A-920B-8B843916946C}.Release|Any CPU.Build.0 = Release|Any CPU
		{B5EA40FB-664D-485F-AFF8-29D991BFEA57}.Debug|Any CPU.ActiveCfg = Debug|Any CPU
		{B5EA40FB-664D-485F-AFF8-29D991BFEA57}.Debug|Any CPU.Build.0 = Debug|Any CPU
		{B5EA40FB-664D-485F-AFF8-29D991BFEA57}.Release|Any CPU.ActiveCfg = Release|Any CPU
		{B5EA40FB-664D-485F-AFF8-29D991BFEA57}.Release|Any CPU.Build.0 = Release|Any CPU
		{B7789DC8-EB62-4ED1-A08E-10AED7CC4DE7}.Debug|Any CPU.ActiveCfg = Debug|Any CPU
		{B7789DC8-EB62-4ED1-A08E-10AED7CC4DE7}.Debug|Any CPU.Build.0 = Debug|Any CPU
		{B7789DC8-EB62-4ED1-A08E-10AED7CC4DE7}.Release|Any CPU.ActiveCfg = Release|Any CPU
		{B7789DC8-EB62-4ED1-A08E-10AED7CC4DE7}.Release|Any CPU.Build.0 = Release|Any CPU
		{399E845B-D09E-436F-AAF5-FD806F22D428}.Debug|Any CPU.ActiveCfg = Debug|Any CPU
		{399E845B-D09E-436F-AAF5-FD806F22D428}.Debug|Any CPU.Build.0 = Debug|Any CPU
		{399E845B-D09E-436F-AAF5-FD806F22D428}.Release|Any CPU.ActiveCfg = Release|Any CPU
		{399E845B-D09E-436F-AAF5-FD806F22D428}.Release|Any CPU.Build.0 = Release|Any CPU
		{2C8BAF20-6191-482D-98C3-F36C29DCE76F}.Debug|Any CPU.ActiveCfg = Debug|Any CPU
		{2C8BAF20-6191-482D-98C3-F36C29DCE76F}.Debug|Any CPU.Build.0 = Debug|Any CPU
		{2C8BAF20-6191-482D-98C3-F36C29DCE76F}.Release|Any CPU.ActiveCfg = Release|Any CPU
		{2C8BAF20-6191-482D-98C3-F36C29DCE76F}.Release|Any CPU.Build.0 = Release|Any CPU
		{9AAD459F-9622-499A-982F-7AE3E38717AC}.Debug|Any CPU.ActiveCfg = Debug|Any CPU
		{9AAD459F-9622-499A-982F-7AE3E38717AC}.Debug|Any CPU.Build.0 = Debug|Any CPU
		{9AAD459F-9622-499A-982F-7AE3E38717AC}.Release|Any CPU.ActiveCfg = Release|Any CPU
		{9AAD459F-9622-499A-982F-7AE3E38717AC}.Release|Any CPU.Build.0 = Release|Any CPU
		{4C87B063-7A3C-4127-BD53-32EF8378CC88}.Debug|Any CPU.ActiveCfg = Debug|Any CPU
		{4C87B063-7A3C-4127-BD53-32EF8378CC88}.Debug|Any CPU.Build.0 = Debug|Any CPU
		{4C87B063-7A3C-4127-BD53-32EF8378CC88}.Release|Any CPU.ActiveCfg = Release|Any CPU
		{4C87B063-7A3C-4127-BD53-32EF8378CC88}.Release|Any CPU.Build.0 = Release|Any CPU
		{2D730531-3083-41F4-A71B-3D129360F474}.Debug|Any CPU.ActiveCfg = Debug|Any CPU
		{2D730531-3083-41F4-A71B-3D129360F474}.Debug|Any CPU.Build.0 = Debug|Any CPU
		{2D730531-3083-41F4-A71B-3D129360F474}.Release|Any CPU.ActiveCfg = Release|Any CPU
		{2D730531-3083-41F4-A71B-3D129360F474}.Release|Any CPU.Build.0 = Release|Any CPU
		{44584574-6C37-49DB-B0DA-F9E123504039}.Debug|Any CPU.ActiveCfg = Debug|Any CPU
		{44584574-6C37-49DB-B0DA-F9E123504039}.Debug|Any CPU.Build.0 = Debug|Any CPU
		{44584574-6C37-49DB-B0DA-F9E123504039}.Release|Any CPU.ActiveCfg = Release|Any CPU
		{44584574-6C37-49DB-B0DA-F9E123504039}.Release|Any CPU.Build.0 = Release|Any CPU
		{18F671F8-7893-4BFD-9E76-7DCAE79D8385}.Debug|Any CPU.ActiveCfg = Debug|Any CPU
		{18F671F8-7893-4BFD-9E76-7DCAE79D8385}.Debug|Any CPU.Build.0 = Debug|Any CPU
		{18F671F8-7893-4BFD-9E76-7DCAE79D8385}.Release|Any CPU.ActiveCfg = Release|Any CPU
		{18F671F8-7893-4BFD-9E76-7DCAE79D8385}.Release|Any CPU.Build.0 = Release|Any CPU
	EndGlobalSection
	GlobalSection(NestedProjects) = preSolution
		{0EC76B1A-2875-4304-974C-C9F49C827666} = {44D40673-6696-42BC-920A-762004268912}
		{3DAF1279-3F9B-45E5-B36F-F9BC32641C1E} = {44D40673-6696-42BC-920A-762004268912}
		{47E81483-63D5-4FAB-AC7B-52092CEA80AB} = {3566C679-5A45-4212-919E-F72D00C44BE2}
		{B8A8CDBB-7A60-4F22-90FC-6B0AE00DDAF4} = {C729DD61-150E-4B5A-99C0-CAB6213B496C}
		{A355BF37-7A90-4B9A-920B-8B843916946C} = {C729DD61-150E-4B5A-99C0-CAB6213B496C}
		{B5EA40FB-664D-485F-AFF8-29D991BFEA57} = {19070378-3ADE-4DD3-B2CB-A41D07E8BA82}
		{B7789DC8-EB62-4ED1-A08E-10AED7CC4DE7} = {19070378-3ADE-4DD3-B2CB-A41D07E8BA82}
		{399E845B-D09E-436F-AAF5-FD806F22D428} = {69A3AC09-B83E-4A25-BDE9-2EEC2C7B75C1}
		{2C8BAF20-6191-482D-98C3-F36C29DCE76F} = {69A3AC09-B83E-4A25-BDE9-2EEC2C7B75C1}
		{9AAD459F-9622-499A-982F-7AE3E38717AC} = {633673B8-3082-4B32-9682-46606A9D5F67}
		{4C87B063-7A3C-4127-BD53-32EF8378CC88} = {633673B8-3082-4B32-9682-46606A9D5F67}
		{2D730531-3083-41F4-A71B-3D129360F474} = {633673B8-3082-4B32-9682-46606A9D5F67}
		{44584574-6C37-49DB-B0DA-F9E123504039} = {633673B8-3082-4B32-9682-46606A9D5F67}
		{18F671F8-7893-4BFD-9E76-7DCAE79D8385} = {633673B8-3082-4B32-9682-46606A9D5F67}
	EndGlobalSection
EndGlobal
